
Microsoft Visual Studio Solution File, Format Version 12.00
# Visual Studio Version 17
VisualStudioVersion = 17.6.33815.320
MinimumVisualStudioVersion = 10.0.40219.1
Project("{FAE04EC0-301F-11D3-BF4B-00C04F79EFBC}") = "DConexionBase3", "DConexionBase3\DConexionBase3.csproj", "{8B22F51B-D70B-42EE-A32D-D4640EA748F8}"
EndProject
Project("{FAE04EC0-301F-11D3-BF4B-00C04F79EFBC}") = "MiTerceraAppWeb", "MiTerceraAppWeb\MiTerceraAppWeb.csproj", "{A8C822AA-6592-46BA-9E46-2D22AE7929DC}"
EndProject
Project("{2150E333-8FDC-42A3-9474-1A3956D46DE8}") = "Elementos de la solución", "Elementos de la solución", "{E44EFAF3-0EC9-48C2-B16E-717431FF1FF9}"
	ProjectSection(SolutionItems) = preProject
		BDMATRICULA.sql = BDMATRICULA.sql
		clase1ASP.NETMVC.pptx = clase1ASP.NETMVC.pptx
		Matricula.zip = Matricula.zip
		procedimientos.sql = procedimientos.sql
		README.md = README.md
	EndProjectSection
EndProject
Project("{FAE04EC0-301F-11D3-BF4B-00C04F79EFBC}") = "Models", "Models\Models.csproj", "{1753AB90-F37B-4F86-A2EB-164579C532C1}"
EndProject
Project("{FAE04EC0-301F-11D3-BF4B-00C04F79EFBC}") = "MiPrimeraAppWeb", "MiPrimeraAppWeb\MiPrimeraAppWeb.csproj", "{E8973ED2-2B21-49C2-9AF2-2C869EF11185}"
EndProject
Project("{FAE04EC0-301F-11D3-BF4B-00C04F79EFBC}") = "MiPrimeraAppWeb.Tests", "MiPrimeraAppWeb.Tests\MiPrimeraAppWeb.Tests.csproj", "{24E2FD88-3B21-4367-914A-589CC573EDA4}"
EndProject
Global
	GlobalSection(SolutionConfigurationPlatforms) = preSolution
		Debug|Any CPU = Debug|Any CPU
		Release|Any CPU = Release|Any CPU
	EndGlobalSection
	GlobalSection(ProjectConfigurationPlatforms) = postSolution
		{8B22F51B-D70B-42EE-A32D-D4640EA748F8}.Debug|Any CPU.ActiveCfg = Debug|Any CPU
		{8B22F51B-D70B-42EE-A32D-D4640EA748F8}.Debug|Any CPU.Build.0 = Debug|Any CPU
		{8B22F51B-D70B-42EE-A32D-D4640EA748F8}.Release|Any CPU.ActiveCfg = Release|Any CPU
		{8B22F51B-D70B-42EE-A32D-D4640EA748F8}.Release|Any CPU.Build.0 = Release|Any CPU
		{A8C822AA-6592-46BA-9E46-2D22AE7929DC}.Debug|Any CPU.ActiveCfg = Debug|Any CPU
		{A8C822AA-6592-46BA-9E46-2D22AE7929DC}.Debug|Any CPU.Build.0 = Debug|Any CPU
		{A8C822AA-6592-46BA-9E46-2D22AE7929DC}.Release|Any CPU.ActiveCfg = Release|Any CPU
		{A8C822AA-6592-46BA-9E46-2D22AE7929DC}.Release|Any CPU.Build.0 = Release|Any CPU
		{1753AB90-F37B-4F86-A2EB-164579C532C1}.Debug|Any CPU.ActiveCfg = Debug|Any CPU
		{1753AB90-F37B-4F86-A2EB-164579C532C1}.Debug|Any CPU.Build.0 = Debug|Any CPU
		{1753AB90-F37B-4F86-A2EB-164579C532C1}.Release|Any CPU.ActiveCfg = Release|Any CPU
		{1753AB90-F37B-4F86-A2EB-164579C532C1}.Release|Any CPU.Build.0 = Release|Any CPU
		{E8973ED2-2B21-49C2-9AF2-2C869EF11185}.Debug|Any CPU.ActiveCfg = Debug|Any CPU
		{E8973ED2-2B21-49C2-9AF2-2C869EF11185}.Debug|Any CPU.Build.0 = Debug|Any CPU
		{E8973ED2-2B21-49C2-9AF2-2C869EF11185}.Release|Any CPU.ActiveCfg = Release|Any CPU
		{E8973ED2-2B21-49C2-9AF2-2C869EF11185}.Release|Any CPU.Build.0 = Release|Any CPU
		{24E2FD88-3B21-4367-914A-589CC573EDA4}.Debug|Any CPU.ActiveCfg = Debug|Any CPU
		{24E2FD88-3B21-4367-914A-589CC573EDA4}.Debug|Any CPU.Build.0 = Debug|Any CPU
		{24E2FD88-3B21-4367-914A-589CC573EDA4}.Release|Any CPU.ActiveCfg = Release|Any CPU
		{24E2FD88-3B21-4367-914A-589CC573EDA4}.Release|Any CPU.Build.0 = Release|Any CPU
	EndGlobalSection
	GlobalSection(SolutionProperties) = preSolution
		HideSolutionNode = FALSE
	EndGlobalSection
	GlobalSection(ExtensibilityGlobals) = postSolution
		SolutionGuid = {E65C201A-8FF0-4DBA-AE3A-B77E678C17A6}
	EndGlobalSection
EndGlobal
